<?xml version="1.0" encoding="utf-8"?>
<Project ToolsVersion="4.0" xmlns="http://schemas.microsoft.com/developer/msbuild/2003">
  <ItemGroup>
    <Filter Include="Source Files">
      <UniqueIdentifier>{23f148ea-ab46-4e20-9ca4-abc4a8fe6f68}</UniqueIdentifier>
    </Filter>
    <Filter Include="Header Files">
      <UniqueIdentifier>{7da5ce19-d4dc-4a49-9628-975b7425a9ff}</UniqueIdentifier>
    </Filter>
  </ItemGroup>
  <ItemGroup>
    <ClInclude Include="..\..\..\source\egp-raknet-game-client\GraphicsBuffer.h">
      <Filter>Header Files</Filter>
    </ClInclude>
    <ClInclude Include="..\..\..\source\egp-raknet-game-client\GraphicsBufferManager.h">
      <Filter>Header Files</Filter>
    </ClInclude>
    <ClInclude Include="..\..\..\source\egp-raknet-game-client\GraphicsSystem.h">
      <Filter>Header Files</Filter>
    </ClInclude>
    <ClInclude Include="..\..\..\source\egp-raknet-game-client\Header.h">
      <Filter>Header Files</Filter>
    </ClInclude>
    <ClInclude Include="..\..\..\source\egp-raknet-game-client\Sprite.h">
      <Filter>Header Files</Filter>
    </ClInclude>
    <ClInclude Include="..\..\..\source\egp-raknet-game-client\DemoState.h">
      <Filter>Header Files</Filter>
    </ClInclude>
    <ClInclude Include="DemoClient.h" />
  </ItemGroup>
  <ItemGroup>
    <ClCompile Include="..\..\..\source\egp-raknet-game-client\GraphicsBuffer.cpp">
      <Filter>Source Files</Filter>
    </ClCompile>
    <ClCompile Include="..\..\..\source\egp-raknet-game-client\GraphicsBufferManager.cpp">
      <Filter>Source Files</Filter>
    </ClCompile>
    <ClCompile Include="..\..\..\source\egp-raknet-game-client\GraphicsSystem.cpp">
      <Filter>Source Files</Filter>
    </ClCompile>
    <ClCompile Include="..\..\..\source\egp-raknet-game-client\main.cpp">
      <Filter>Source Files</Filter>
    </ClCompile>
    <ClCompile Include="..\..\..\source\egp-raknet-game-client\Sprite.cpp">
      <Filter>Source Files</Filter>
    </ClCompile>
    <ClCompile Include="..\..\..\source\egp-raknet-game-client\DemoState.cpp">
      <Filter>Source Files</Filter>
    </ClCompile>
    <ClCompile Include="DemoClient.cpp" />
  </ItemGroup>
</Project>